// !$*UTF8*$!
{
	archiveVersion = 1;
	classes = {
	};
	objectVersion = 55;
	objects = {

/* Begin PBXBuildFile section */
		623EFB7F27346B35002566A9 /* AlertView.swift in Sources */ = {isa = PBXBuildFile; fileRef = 623EFB7E27346B35002566A9 /* AlertView.swift */; };
		6246BB4F2732C1E9000D3117 /* Storage.swift in Sources */ = {isa = PBXBuildFile; fileRef = 6246BB4E2732C1E9000D3117 /* Storage.swift */; };
		627E53DF277482C100ADDB57 /* .gitignore in Resources */ = {isa = PBXBuildFile; fileRef = 627E53DE277482C100ADDB57 /* .gitignore */; };
		62AD0B8C27306C8C001A8AA0 /* HistoryTableViewCell.swift in Sources */ = {isa = PBXBuildFile; fileRef = 62AD0B8B27306C8C001A8AA0 /* HistoryTableViewCell.swift */; };
		62AD0B8E27306D58001A8AA0 /* HistoryTableViewCell.xib in Resources */ = {isa = PBXBuildFile; fileRef = 62AD0B8D27306D58001A8AA0 /* HistoryTableViewCell.xib */; };
		62EBE6642721E3DF00DCC918 /* AppDelegate.swift in Sources */ = {isa = PBXBuildFile; fileRef = 62EBE6632721E3DF00DCC918 /* AppDelegate.swift */; };
		62EBE6662721E3DF00DCC918 /* SceneDelegate.swift in Sources */ = {isa = PBXBuildFile; fileRef = 62EBE6652721E3DF00DCC918 /* SceneDelegate.swift */; };
		62EBE6682721E3DF00DCC918 /* ViewController.swift in Sources */ = {isa = PBXBuildFile; fileRef = 62EBE6672721E3DF00DCC918 /* ViewController.swift */; };
		62EBE66B2721E3DF00DCC918 /* Main.storyboard in Resources */ = {isa = PBXBuildFile; fileRef = 62EBE6692721E3DF00DCC918 /* Main.storyboard */; };
		62EBE66D2721E3E400DCC918 /* Assets.xcassets in Resources */ = {isa = PBXBuildFile; fileRef = 62EBE66C2721E3E400DCC918 /* Assets.xcassets */; };
		62EBE6702721E3E400DCC918 /* LaunchScreen.storyboard in Resources */ = {isa = PBXBuildFile; fileRef = 62EBE66E2721E3E400DCC918 /* LaunchScreen.storyboard */; };
		62EEBDE027301E2A0088C16A /* CalculationsListViewController.swift in Sources */ = {isa = PBXBuildFile; fileRef = 62EEBDDF27301E2A0088C16A /* CalculationsListViewController.swift */; };
/* End PBXBuildFile section */

/* Begin PBXFileReference section */
		623EFB7E27346B35002566A9 /* AlertView.swift */ = {isa = PBXFileReference; lastKnownFileType = sourcecode.swift; path = AlertView.swift; sourceTree = "<group>"; };
		6246BB4E2732C1E9000D3117 /* Storage.swift */ = {isa = PBXFileReference; lastKnownFileType = sourcecode.swift; path = Storage.swift; sourceTree = "<group>"; };
		627E53DE277482C100ADDB57 /* .gitignore */ = {isa = PBXFileReference; lastKnownFileType = text; path = .gitignore; sourceTree = "<group>"; };
		62AD0B8B27306C8C001A8AA0 /* HistoryTableViewCell.swift */ = {isa = PBXFileReference; lastKnownFileType = sourcecode.swift; path = HistoryTableViewCell.swift; sourceTree = "<group>"; };
		62AD0B8D27306D58001A8AA0 /* HistoryTableViewCell.xib */ = {isa = PBXFileReference; lastKnownFileType = file.xib; path = HistoryTableViewCell.xib; sourceTree = "<group>"; };
		62EBE6602721E3DF00DCC918 /* TinkoffCalculator.app */ = {isa = PBXFileReference; explicitFileType = wrapper.application; includeInIndex = 0; path = TinkoffCalculator.app; sourceTree = BUILT_PRODUCTS_DIR; };
		62EBE6632721E3DF00DCC918 /* AppDelegate.swift */ = {isa = PBXFileReference; lastKnownFileType = sourcecode.swift; path = AppDelegate.swift; sourceTree = "<group>"; };
		62EBE6652721E3DF00DCC918 /* SceneDelegate.swift */ = {isa = PBXFileReference; lastKnownFileType = sourcecode.swift; path = SceneDelegate.swift; sourceTree = "<group>"; };
		62EBE6672721E3DF00DCC918 /* ViewController.swift */ = {isa = PBXFileReference; lastKnownFileType = sourcecode.swift; path = ViewController.swift; sourceTree = "<group>"; };
		62EBE66A2721E3DF00DCC918 /* Base */ = {isa = PBXFileReference; lastKnownFileType = file.storyboard; name = Base; path = Base.lproj/Main.storyboard; sourceTree = "<group>"; };
		62EBE66C2721E3E400DCC918 /* Assets.xcassets */ = {isa = PBXFileReference; lastKnownFileType = folder.assetcatalog; path = Assets.xcassets; sourceTree = "<group>"; };
		62EBE66F2721E3E400DCC918 /* Base */ = {isa = PBXFileReference; lastKnownFileType = file.storyboard; name = Base; path = Base.lproj/LaunchScreen.storyboard; sourceTree = "<group>"; };
		62EBE6712721E3E400DCC918 /* Info.plist */ = {isa = PBXFileReference; lastKnownFileType = text.plist.xml; path = Info.plist; sourceTree = "<group>"; };
		62EEBDDF27301E2A0088C16A /* CalculationsListViewController.swift */ = {isa = PBXFileReference; lastKnownFileType = sourcecode.swift; path = CalculationsListViewController.swift; sourceTree = "<group>"; };
/* End PBXFileReference section */

/* Begin PBXFrameworksBuildPhase section */
		62EBE65D2721E3DF00DCC918 /* Frameworks */ = {
			isa = PBXFrameworksBuildPhase;
			buildActionMask = 2147483647;
			files = (
			);
			runOnlyForDeploymentPostprocessing = 0;
		};
/* End PBXFrameworksBuildPhase section */

/* Begin PBXGroup section */
		6246BB4D2732C16C000D3117 /* Storage */ = {
			isa = PBXGroup;
			children = (
				6246BB4E2732C1E9000D3117 /* Storage.swift */,
			);
			path = Storage;
			sourceTree = "<group>";
		};
		62AD0B8A27306C51001A8AA0 /* History */ = {
			isa = PBXGroup;
			children = (
				62EEBDDF27301E2A0088C16A /* CalculationsListViewController.swift */,
				62AD0B8B27306C8C001A8AA0 /* HistoryTableViewCell.swift */,
				62AD0B8D27306D58001A8AA0 /* HistoryTableViewCell.xib */,
			);
			path = History;
			sourceTree = "<group>";
		};
		62EBE6572721E3DF00DCC918 = {
			isa = PBXGroup;
			children = (
				627E53DE277482C100ADDB57 /* .gitignore */,
				62EBE6622721E3DF00DCC918 /* TinkoffCalculator */,
				62EBE6612721E3DF00DCC918 /* Products */,
			);
			sourceTree = "<group>";
		};
		62EBE6612721E3DF00DCC918 /* Products */ = {
			isa = PBXGroup;
			children = (
				62EBE6602721E3DF00DCC918 /* TinkoffCalculator.app */,
			);
			name = Products;
			sourceTree = "<group>";
		};
		62EBE6622721E3DF00DCC918 /* TinkoffCalculator */ = {
			isa = PBXGroup;
			children = (
				6246BB4D2732C16C000D3117 /* Storage */,
				62AD0B8A27306C51001A8AA0 /* History */,
				62EBE6632721E3DF00DCC918 /* AppDelegate.swift */,
				62EBE6652721E3DF00DCC918 /* SceneDelegate.swift */,
				62EBE6672721E3DF00DCC918 /* ViewController.swift */,
				62EBE6692721E3DF00DCC918 /* Main.storyboard */,
				62EBE66C2721E3E400DCC918 /* Assets.xcassets */,
				62EBE66E2721E3E400DCC918 /* LaunchScreen.storyboard */,
				62EBE6712721E3E400DCC918 /* Info.plist */,
				623EFB7E27346B35002566A9 /* AlertView.swift */,
			);
			path = TinkoffCalculator;
			sourceTree = "<group>";
		};
/* End PBXGroup section */

/* Begin PBXNativeTarget section */
		62EBE65F2721E3DF00DCC918 /* TinkoffCalculator */ = {
			isa = PBXNativeTarget;
			buildConfigurationList = 62EBE6742721E3E400DCC918 /* Build configuration list for PBXNativeTarget "TinkoffCalculator" */;
			buildPhases = (
				62EBE65C2721E3DF00DCC918 /* Sources */,
				62EBE65D2721E3DF00DCC918 /* Frameworks */,
				62EBE65E2721E3DF00DCC918 /* Resources */,
			);
			buildRules = (
			);
			dependencies = (
			);
			name = TinkoffCalculator;
			productName = TinkoffCalculator;
			productReference = 62EBE6602721E3DF00DCC918 /* TinkoffCalculator.app */;
			productType = "com.apple.product-type.application";
		};
/* End PBXNativeTarget section */

/* Begin PBXProject section */
		62EBE6582721E3DF00DCC918 /* Project object */ = {
			isa = PBXProject;
			attributes = {
				BuildIndependentTargetsInParallel = 1;
				LastSwiftUpdateCheck = 1300;
				LastUpgradeCheck = 1300;
				TargetAttributes = {
					62EBE65F2721E3DF00DCC918 = {
						CreatedOnToolsVersion = 13.0;
					};
				};
			};
			buildConfigurationList = 62EBE65B2721E3DF00DCC918 /* Build configuration list for PBXProject "TinkoffCalculator" */;
			compatibilityVersion = "Xcode 13.0";
			developmentRegion = en;
			hasScannedForEncodings = 0;
			knownRegions = (
				en,
				Base,
			);
			mainGroup = 62EBE6572721E3DF00DCC918;
			productRefGroup = 62EBE6612721E3DF00DCC918 /* Products */;
			projectDirPath = "";
			projectRoot = "";
			targets = (
				62EBE65F2721E3DF00DCC918 /* TinkoffCalculator */,
			);
		};
/* End PBXProject section */

/* Begin PBXResourcesBuildPhase section */
		62EBE65E2721E3DF00DCC918 /* Resources */ = {
			isa = PBXResourcesBuildPhase;
			buildActionMask = 2147483647;
			files = (
				627E53DF277482C100ADDB57 /* .gitignore in Resources */,
				62EBE6702721E3E400DCC918 /* LaunchScreen.storyboard in Resources */,
				62EBE66D2721E3E400DCC918 /* Assets.xcassets in Resources */,
				62AD0B8E27306D58001A8AA0 /* HistoryTableViewCell.xib in Resources */,
				62EBE66B2721E3DF00DCC918 /* Main.storyboard in Resources */,
			);
			runOnlyForDeploymentPostprocessing = 0;
		};
/* End PBXResourcesBuildPhase section */

/* Begin PBXSourcesBuildPhase section */
		62EBE65C2721E3DF00DCC918 /* Sources */ = {
			isa = PBXSourcesBuildPhase;
			buildActionMask = 2147483647;
			files = (
				62EEBDE027301E2A0088C16A /* CalculationsListViewController.swift in Sources */,
				62EBE6682721E3DF00DCC918 /* ViewController.swift in Sources */,
				623EFB7F27346B35002566A9 /* AlertView.swift in Sources */,
				62EBE6642721E3DF00DCC918 /* AppDelegate.swift in Sources */,
				62EBE6662721E3DF00DCC918 /* SceneDelegate.swift in Sources */,
				62AD0B8C27306C8C001A8AA0 /* HistoryTableViewCell.swift in Sources */,
				6246BB4F2732C1E9000D3117 /* Storage.swift in Sources */,
			);
			runOnlyForDeploymentPostprocessing = 0;
		};
/* End PBXSourcesBuildPhase section */

/* Begin PBXVariantGroup section */
		62EBE6692721E3DF00DCC918 /* Main.storyboard */ = {
			isa = PBXVariantGroup;
			children = (
				62EBE66A2721E3DF00DCC918 /* Base */,
			);
			name = Main.storyboard;
			sourceTree = "<group>";
		};
		62EBE66E2721E3E400DCC918 /* LaunchScreen.storyboard */ = {
			isa = PBXVariantGroup;
			children = (
				62EBE66F2721E3E400DCC918 /* Base */,
			);
			name = LaunchScreen.storyboard;
			sourceTree = "<group>";
		};
/* End PBXVariantGroup section */

/* Begin XCBuildConfiguration section */
		62EBE6722721E3E400DCC918 /* Debug */ = {
			isa = XCBuildConfiguration;
			buildSettings = {
				ALWAYS_SEARCH_USER_PATHS = NO;
				CLANG_ANALYZER_NONNULL = YES;
				CLANG_ANALYZER_NUMBER_OBJECT_CONVERSION = YES_AGGRESSIVE;
				CLANG_CXX_LANGUAGE_STANDARD = "gnu++17";
				CLANG_CXX_LIBRARY = "libc++";
				CLANG_ENABLE_MODULES = YES;
				CLANG_ENABLE_OBJC_ARC = YES;
				CLANG_ENABLE_OBJC_WEAK = YES;
				CLANG_WARN_BLOCK_CAPTURE_AUTORELEASING = YES;
				CLANG_WARN_BOOL_CONVERSION = YES;
				CLANG_WARN_COMMA = YES;
				CLANG_WARN_CONSTANT_CONVERSION = YES;
				CLANG_WARN_DEPRECATED_OBJC_IMPLEMENTATIONS = YES;
				CLANG_WARN_DIRECT_OBJC_ISA_USAGE = YES_ERROR;
				CLANG_WARN_DOCUMENTATION_COMMENTS = YES;
				CLANG_WARN_EMPTY_BODY = YES;
				CLANG_WARN_ENUM_CONVERSION = YES;
				CLANG_WARN_INFINITE_RECURSION = YES;
				CLANG_WARN_INT_CONVERSION = YES;
				CLANG_WARN_NON_LITERAL_NULL_CONVERSION = YES;
				CLANG_WARN_OBJC_IMPLICIT_RETAIN_SELF = YES;
				CLANG_WARN_OBJC_LITERAL_CONVERSION = YES;
				CLANG_WARN_OBJC_ROOT_CLASS = YES_ERROR;
				CLANG_WARN_QUOTED_INCLUDE_IN_FRAMEWORK_HEADER = YES;
				CLANG_WARN_RANGE_LOOP_ANALYSIS = YES;
				CLANG_WARN_STRICT_PROTOTYPES = YES;
				CLANG_WARN_SUSPICIOUS_MOVE = YES;
				CLANG_WARN_UNGUARDED_AVAILABILITY = YES_AGGRESSIVE;
				CLANG_WARN_UNREACHABLE_CODE = YES;
				CLANG_WARN__DUPLICATE_METHOD_MATCH = YES;
				COPY_PHASE_STRIP = NO;
				DEBUG_INFORMATION_FORMAT = dwarf;
				ENABLE_STRICT_OBJC_MSGSEND = YES;
				ENABLE_TESTABILITY = YES;
				GCC_C_LANGUAGE_STANDARD = gnu11;
				GCC_DYNAMIC_NO_PIC = NO;
				GCC_NO_COMMON_BLOCKS = YES;
				GCC_OPTIMIZATION_LEVEL = 0;
				GCC_PREPROCESSOR_DEFINITIONS = (
					"DEBUG=1",
					"$(inherited)",
				);
				GCC_WARN_64_TO_32_BIT_CONVERSION = YES;
				GCC_WARN_ABOUT_RETURN_TYPE = YES_ERROR;
				GCC_WARN_UNDECLARED_SELECTOR = YES;
				GCC_WARN_UNINITIALIZED_AUTOS = YES_AGGRESSIVE;
				GCC_WARN_UNUSED_FUNCTION = YES;
				GCC_WARN_UNUSED_VARIABLE = YES;
				IPHONEOS_DEPLOYMENT_TARGET = 15.0;
				MTL_ENABLE_DEBUG_INFO = INCLUDE_SOURCE;
				MTL_FAST_MATH = YES;
				ONLY_ACTIVE_ARCH = YES;
				SDKROOT = iphoneos;
				SWIFT_ACTIVE_COMPILATION_CONDITIONS = DEBUG;
				SWIFT_OPTIMIZATION_LEVEL = "-Onone";
			};
			name = Debug;
		};
		62EBE6732721E3E400DCC918 /* Release */ = {
			isa = XCBuildConfiguration;
			buildSettings = {
				ALWAYS_SEARCH_USER_PATHS = NO;
				CLANG_ANALYZER_NONNULL = YES;
				CLANG_ANALYZER_NUMBER_OBJECT_CONVERSION = YES_AGGRESSIVE;
				CLANG_CXX_LANGUAGE_STANDARD = "gnu++17";
				CLANG_CXX_LIBRARY = "libc++";
				CLANG_ENABLE_MODULES = YES;
				CLANG_ENABLE_OBJC_ARC = YES;
				CLANG_ENABLE_OBJC_WEAK = YES;
				CLANG_WARN_BLOCK_CAPTURE_AUTORELEASING = YES;
				CLANG_WARN_BOOL_CONVERSION = YES;
				CLANG_WARN_COMMA = YES;
				CLANG_WARN_CONSTANT_CONVERSION = YES;
				CLANG_WARN_DEPRECATED_OBJC_IMPLEMENTATIONS = YES;
				CLANG_WARN_DIRECT_OBJC_ISA_USAGE = YES_ERROR;
				CLANG_WARN_DOCUMENTATION_COMMENTS = YES;
				CLANG_WARN_EMPTY_BODY = YES;
				CLANG_WARN_ENUM_CONVERSION = YES;
				CLANG_WARN_INFINITE_RECURSION = YES;
				CLANG_WARN_INT_CONVERSION = YES;
				CLANG_WARN_NON_LITERAL_NULL_CONVERSION = YES;
				CLANG_WARN_OBJC_IMPLICIT_RETAIN_SELF = YES;
				CLANG_WARN_OBJC_LITERAL_CONVERSION = YES;
				CLANG_WARN_OBJC_ROOT_CLASS = YES_ERROR;
				CLANG_WARN_QUOTED_INCLUDE_IN_FRAMEWORK_HEADER = YES;
				CLANG_WARN_RANGE_LOOP_ANALYSIS = YES;
				CLANG_WARN_STRICT_PROTOTYPES = YES;
				CLANG_WARN_SUSPICIOUS_MOVE = YES;
				CLANG_WARN_UNGUARDED_AVAILABILITY = YES_AGGRESSIVE;
				CLANG_WARN_UNREACHABLE_CODE = YES;
				CLANG_WARN__DUPLICATE_METHOD_MATCH = YES;
				COPY_PHASE_STRIP = NO;
				DEBUG_INFORMATION_FORMAT = "dwarf-with-dsym";
				ENABLE_NS_ASSERTIONS = NO;
				ENABLE_STRICT_OBJC_MSGSEND = YES;
				GCC_C_LANGUAGE_STANDARD = gnu11;
				GCC_NO_COMMON_BLOCKS = YES;
				GCC_WARN_64_TO_32_BIT_CONVERSION = YES;
				GCC_WARN_ABOUT_RETURN_TYPE = YES_ERROR;
				GCC_WARN_UNDECLARED_SELECTOR = YES;
				GCC_WARN_UNINITIALIZED_AUTOS = YES_AGGRESSIVE;
				GCC_WARN_UNUSED_FUNCTION = YES;
				GCC_WARN_UNUSED_VARIABLE = YES;
				IPHONEOS_DEPLOYMENT_TARGET = 15.0;
				MTL_ENABLE_DEBUG_INFO = NO;
				MTL_FAST_MATH = YES;
				SDKROOT = iphoneos;
				SWIFT_COMPILATION_MODE = wholemodule;
				SWIFT_OPTIMIZATION_LEVEL = "-O";
				VALIDATE_PRODUCT = YES;
			};
			name = Release;
		};
		62EBE6752721E3E400DCC918 /* Debug */ = {
			isa = XCBuildConfiguration;
			buildSettings = {
				ASSETCATALOG_COMPILER_APPICON_NAME = AppIcon;
				ASSETCATALOG_COMPILER_GLOBAL_ACCENT_COLOR_NAME = AccentColor;
				CODE_SIGN_STYLE = Automatic;
				CURRENT_PROJECT_VERSION = 1;
				DEVELOPMENT_TEAM = YR296W8Y8K;
				GENERATE_INFOPLIST_FILE = YES;
				INFOPLIST_FILE = TinkoffCalculator/Info.plist;
				INFOPLIST_KEY_UIApplicationSupportsIndirectInputEvents = YES;
				INFOPLIST_KEY_UILaunchStoryboardName = LaunchScreen;
				INFOPLIST_KEY_UIMainStoryboardFile = Main;
				INFOPLIST_KEY_UISupportedInterfaceOrientations_iPad = "UIInterfaceOrientationPortrait UIInterfaceOrientationPortraitUpsideDown UIInterfaceOrientationLandscapeLeft UIInterfaceOrientationLandscapeRight";
				INFOPLIST_KEY_UISupportedInterfaceOrientations_iPhone = "UIInterfaceOrientationPortrait UIInterfaceOrientationLandscapeLeft UIInterfaceOrientationLandscapeRight";
				LD_RUNPATH_SEARCH_PATHS = (
					"$(inherited)",
					"@executable_path/Frameworks",
				);
				MARKETING_VERSION = 1.0;
				PRODUCT_BUNDLE_IDENTIFIER = com.mashazyryanova.TinkoffCalculator;
				PRODUCT_NAME = "$(TARGET_NAME)";
				SWIFT_EMIT_LOC_STRINGS = YES;
				SWIFT_VERSION = 5.0;
				TARGETED_DEVICE_FAMILY = "1,2";
			};
			name = Debug;
		};
		62EBE6762721E3E400DCC918 /* Release */ = {
			isa = XCBuildConfiguration;
			buildSettings = {
				ASSETCATALOG_COMPILER_APPICON_NAME = AppIcon;
				ASSETCATALOG_COMPILER_GLOBAL_ACCENT_COLOR_NAME = AccentColor;
				CODE_SIGN_STYLE = Automatic;
				CURRENT_PROJECT_VERSION = 1;
				DEVELOPMENT_TEAM = YR296W8Y8K;
				GENERATE_INFOPLIST_FILE = YES;
				INFOPLIST_FILE = TinkoffCalculator/Info.plist;
				INFOPLIST_KEY_UIApplicationSupportsIndirectInputEvents = YES;
				INFOPLIST_KEY_UILaunchStoryboardName = LaunchScreen;
				INFOPLIST_KEY_UIMainStoryboardFile = Main;
				INFOPLIST_KEY_UISupportedInterfaceOrientations_iPad = "UIInterfaceOrientationPortrait UIInterfaceOrientationPortraitUpsideDown UIInterfaceOrientationLandscapeLeft UIInterfaceOrientationLandscapeRight";
				INFOPLIST_KEY_UISupportedInterfaceOrientations_iPhone = "UIInterfaceOrientationPortrait UIInterfaceOrientationLandscapeLeft UIInterfaceOrientationLandscapeRight";
				LD_RUNPATH_SEARCH_PATHS = (
					"$(inherited)",
					"@executable_path/Frameworks",
				);
				MARKETING_VERSION = 1.0;
				PRODUCT_BUNDLE_IDENTIFIER = com.mashazyryanova.TinkoffCalculator;
				PRODUCT_NAME = "$(TARGET_NAME)";
				SWIFT_EMIT_LOC_STRINGS = YES;
				SWIFT_VERSION = 5.0;
				TARGETED_DEVICE_FAMILY = "1,2";
			};
			name = Release;
		};
/* End XCBuildConfiguration section */

/* Begin XCConfigurationList section */
		62EBE65B2721E3DF00DCC918 /* Build configuration list for PBXProject "TinkoffCalculator" */ = {
			isa = XCConfigurationList;
			buildConfigurations = (
				62EBE6722721E3E400DCC918 /* Debug */,
				62EBE6732721E3E400DCC918 /* Release */,
			);
			defaultConfigurationIsVisible = 0;
			defaultConfigurationName = Release;
		};
		62EBE6742721E3E400DCC918 /* Build configuration list for PBXNativeTarget "TinkoffCalculator" */ = {
			isa = XCConfigurationList;
			buildConfigurations = (
				62EBE6752721E3E400DCC918 /* Debug */,
				62EBE6762721E3E400DCC918 /* Release */,
			);
			defaultConfigurationIsVisible = 0;
			defaultConfigurationName = Release;
		};
/* End XCConfigurationList section */
	};
	rootObject = 62EBE6582721E3DF00DCC918 /* Project object */;
}
